
Microsoft Visual Studio Solution File, Format Version 12.00
# Visual Studio Version 16
VisualStudioVersion = 16.0.31702.278
MinimumVisualStudioVersion = 10.0.40219.1
Project("{FAE04EC0-301F-11D3-BF4B-00C04F79EFBC}") = "ClassDermo2021Dialog", "ClassDermo2021Dialog\ClassDermo2021Dialog.csproj", "{D4B425F9-7B1D-4E32-942D-573B8749F593}"
EndProject
Global
	GlobalSection(SolutionConfigurationPlatforms) = preSolution
		Debug|Any CPU = Debug|Any CPU
		Release|Any CPU = Release|Any CPU
	EndGlobalSection
	GlobalSection(ProjectConfigurationPlatforms) = postSolution
		{D4B425F9-7B1D-4E32-942D-573B8749F593}.Debug|Any CPU.ActiveCfg = Debug|Any CPU
		{D4B425F9-7B1D-4E32-942D-573B8749F593}.Debug|Any CPU.Build.0 = Debug|Any CPU
		{D4B425F9-7B1D-4E32-942D-573B8749F593}.Release|Any CPU.ActiveCfg = Release|Any CPU
		{D4B425F9-7B1D-4E32-942D-573B8749F593}.Release|Any CPU.Build.0 = Release|Any CPU
	EndGlobalSection
	GlobalSection(SolutionProperties) = preSolution
		HideSolutionNode = FALSE
	EndGlobalSection
	GlobalSection(ExtensibilityGlobals) = postSolution
		SolutionGuid = {F3E5FBB2-896D-46B3-9156-C5A86B82CC08}
	EndGlobalSection
EndGlobal
